
Microsoft Visual Studio Solution File, Format Version 12.00
# Visual Studio Version 16
VisualStudioVersion = 16.0.31702.278
MinimumVisualStudioVersion = 10.0.40219.1
Project("{FAE04EC0-301F-11D3-BF4B-00C04F79EFBC}") = "Proyecto.SINAC", "Proyecto.SINAC.csproj", "{4C63E9CB-01FC-42E8-A9B5-D92D987EE432}"
EndProject
Project("{FAE04EC0-301F-11D3-BF4B-00C04F79EFBC}") = "Entities", "Entities\Entities.csproj", "{51D577F3-807F-428F-8FFC-8463257BFF0A}"
EndProject
Project("{FAE04EC0-301F-11D3-BF4B-00C04F79EFBC}") = "AccesoADatos", "AccesoADatos\AccesoADatos.csproj", "{3C9C8837-019B-430E-B84B-C6D3CBC36C68}"
EndProject
Project("{FAE04EC0-301F-11D3-BF4B-00C04F79EFBC}") = "DAL", "DAL\DAL.csproj", "{93EA7DAB-8460-4842-BC73-2A43634B49DA}"
EndProject
Project("{FAE04EC0-301F-11D3-BF4B-00C04F79EFBC}") = "BLL", "BLL\BLL.csproj", "{B9042203-F6E6-4A37-95CA-ACBA24CB936F}"
EndProject
Global
	GlobalSection(SolutionConfigurationPlatforms) = preSolution
		Debug|Any CPU = Debug|Any CPU
		Release|Any CPU = Release|Any CPU
	EndGlobalSection
	GlobalSection(ProjectConfigurationPlatforms) = postSolution
		{4C63E9CB-01FC-42E8-A9B5-D92D987EE432}.Debug|Any CPU.ActiveCfg = Debug|Any CPU
		{4C63E9CB-01FC-42E8-A9B5-D92D987EE432}.Debug|Any CPU.Build.0 = Debug|Any CPU
		{4C63E9CB-01FC-42E8-A9B5-D92D987EE432}.Release|Any CPU.ActiveCfg = Release|Any CPU
		{4C63E9CB-01FC-42E8-A9B5-D92D987EE432}.Release|Any CPU.Build.0 = Release|Any CPU
		{51D577F3-807F-428F-8FFC-8463257BFF0A}.Debug|Any CPU.ActiveCfg = Debug|Any CPU
		{51D577F3-807F-428F-8FFC-8463257BFF0A}.Debug|Any CPU.Build.0 = Debug|Any CPU
		{51D577F3-807F-428F-8FFC-8463257BFF0A}.Release|Any CPU.ActiveCfg = Release|Any CPU
		{51D577F3-807F-428F-8FFC-8463257BFF0A}.Release|Any CPU.Build.0 = Release|Any CPU
		{3C9C8837-019B-430E-B84B-C6D3CBC36C68}.Debug|Any CPU.ActiveCfg = Debug|Any CPU
		{3C9C8837-019B-430E-B84B-C6D3CBC36C68}.Debug|Any CPU.Build.0 = Debug|Any CPU
		{3C9C8837-019B-430E-B84B-C6D3CBC36C68}.Release|Any CPU.ActiveCfg = Release|Any CPU
		{3C9C8837-019B-430E-B84B-C6D3CBC36C68}.Release|Any CPU.Build.0 = Release|Any CPU
		{93EA7DAB-8460-4842-BC73-2A43634B49DA}.Debug|Any CPU.ActiveCfg = Debug|Any CPU
		{93EA7DAB-8460-4842-BC73-2A43634B49DA}.Debug|Any CPU.Build.0 = Debug|Any CPU
		{93EA7DAB-8460-4842-BC73-2A43634B49DA}.Release|Any CPU.ActiveCfg = Release|Any CPU
		{93EA7DAB-8460-4842-BC73-2A43634B49DA}.Release|Any CPU.Build.0 = Release|Any CPU
		{B9042203-F6E6-4A37-95CA-ACBA24CB936F}.Debug|Any CPU.ActiveCfg = Debug|Any CPU
		{B9042203-F6E6-4A37-95CA-ACBA24CB936F}.Debug|Any CPU.Build.0 = Debug|Any CPU
		{B9042203-F6E6-4A37-95CA-ACBA24CB936F}.Release|Any CPU.ActiveCfg = Release|Any CPU
		{B9042203-F6E6-4A37-95CA-ACBA24CB936F}.Release|Any CPU.Build.0 = Release|Any CPU
	EndGlobalSection
	GlobalSection(SolutionProperties) = preSolution
		HideSolutionNode = FALSE
	EndGlobalSection
	GlobalSection(ExtensibilityGlobals) = postSolution
		SolutionGuid = {B51B6BEA-3320-4259-BE07-A21B45DAA2B3}
	EndGlobalSection
EndGlobal
